
Microsoft Visual Studio Solution File, Format Version 12.00
# Visual Studio 15
VisualStudioVersion = 15.0.28307.779
MinimumVisualStudioVersion = 10.0.40219.1
Project("{FAE04EC0-301F-11D3-BF4B-00C04F79EFBC}") = "«Мониторинг изменений контрольной суммы файлов»", "«Мониторинг изменений контрольной суммы файлов»\«Мониторинг изменений контрольной суммы файлов».csproj", "{ECCB8632-FB24-4690-AB80-4932EC66494E}"
EndProject
Global
	GlobalSection(SolutionConfigurationPlatforms) = preSolution
		Debug|Any CPU = Debug|Any CPU
		Release|Any CPU = Release|Any CPU
	EndGlobalSection
	GlobalSection(ProjectConfigurationPlatforms) = postSolution
		{ECCB8632-FB24-4690-AB80-4932EC66494E}.Debug|Any CPU.ActiveCfg = Debug|Any CPU
		{ECCB8632-FB24-4690-AB80-4932EC66494E}.Debug|Any CPU.Build.0 = Debug|Any CPU
		{ECCB8632-FB24-4690-AB80-4932EC66494E}.Release|Any CPU.ActiveCfg = Release|Any CPU
		{ECCB8632-FB24-4690-AB80-4932EC66494E}.Release|Any CPU.Build.0 = Release|Any CPU
	EndGlobalSection
	GlobalSection(SolutionProperties) = preSolution
		HideSolutionNode = FALSE
	EndGlobalSection
	GlobalSection(ExtensibilityGlobals) = postSolution
		SolutionGuid = {51796D04-2235-4D76-A431-00A54D7D4BB6}
	EndGlobalSection
EndGlobal
